
Microsoft Visual Studio Solution File, Format Version 12.00
# Visual Studio Version 16
VisualStudioVersion = 16.0.29806.167
MinimumVisualStudioVersion = 10.0.40219.1
Project("{9A19103F-16F7-4668-BE54-9A1E7A4F7556}") = "MentoringApi", "src\MentoringApi\MentoringApi.csproj", "{35F11EA3-027C-405C-BAC2-E008F742D6CC}"
EndProject
Project("{FAE04EC0-301F-11D3-BF4B-00C04F79EFBC}") = "MentoringApi.Tests", "tests\MentoringApi.Tests\MentoringApi.Tests.csproj", "{4EC9CDE0-A07A-4BB1-A2C5-6820D6FB1FDB}"
EndProject
Global
	GlobalSection(SolutionConfigurationPlatforms) = preSolution
		Debug|Any CPU = Debug|Any CPU
		Release|Any CPU = Release|Any CPU
	EndGlobalSection
	GlobalSection(ProjectConfigurationPlatforms) = postSolution
		{35F11EA3-027C-405C-BAC2-E008F742D6CC}.Debug|Any CPU.ActiveCfg = Debug|Any CPU
		{35F11EA3-027C-405C-BAC2-E008F742D6CC}.Debug|Any CPU.Build.0 = Debug|Any CPU
		{35F11EA3-027C-405C-BAC2-E008F742D6CC}.Release|Any CPU.ActiveCfg = Release|Any CPU
		{35F11EA3-027C-405C-BAC2-E008F742D6CC}.Release|Any CPU.Build.0 = Release|Any CPU
		{4EC9CDE0-A07A-4BB1-A2C5-6820D6FB1FDB}.Debug|Any CPU.ActiveCfg = Debug|Any CPU
		{4EC9CDE0-A07A-4BB1-A2C5-6820D6FB1FDB}.Debug|Any CPU.Build.0 = Debug|Any CPU
		{4EC9CDE0-A07A-4BB1-A2C5-6820D6FB1FDB}.Release|Any CPU.ActiveCfg = Release|Any CPU
		{4EC9CDE0-A07A-4BB1-A2C5-6820D6FB1FDB}.Release|Any CPU.Build.0 = Release|Any CPU
	EndGlobalSection
	GlobalSection(SolutionProperties) = preSolution
		HideSolutionNode = FALSE
	EndGlobalSection
	GlobalSection(ExtensibilityGlobals) = postSolution
		SolutionGuid = {8DA93001-2EED-417F-9221-1A413BD997E3}
	EndGlobalSection
EndGlobal
